// !$*UTF8*$!
{
	archiveVersion = 1;
	classes = {
	};
	objectVersion = 46;
	objects = {

/* Begin PBXBuildFile section */
		2F13150B1A4B156E002E4652 /* .gitignore in Resources */ = {isa = PBXBuildFile; fileRef = 2F1314F21A4B156E002E4652 /* .gitignore */; };
		2F13150E1A4B159E002E4652 /* CoreMedia.framework in Frameworks */ = {isa = PBXBuildFile; fileRef = 2F13150D1A4B159E002E4652 /* CoreMedia.framework */; };
		2F1315101A4B15A9002E4652 /* CoreVideo.framework in Frameworks */ = {isa = PBXBuildFile; fileRef = 2F13150F1A4B15A9002E4652 /* CoreVideo.framework */; };
		2F1315121A4B15B7002E4652 /* QuartzCore.framework in Frameworks */ = {isa = PBXBuildFile; fileRef = 2F1315111A4B15B7002E4652 /* QuartzCore.framework */; };
		2F1315141A4B15C1002E4652 /* AVFoundation.framework in Frameworks */ = {isa = PBXBuildFile; fileRef = 2F1315131A4B15C1002E4652 /* AVFoundation.framework */; };
		2F1315161A4B15CF002E4652 /* libiconv.dylib in Frameworks */ = {isa = PBXBuildFile; fileRef = 2F1315151A4B15CF002E4652 /* libiconv.dylib */; };
		2F1315191A4B162C002E4652 /* BFScanViewController.m in Sources */ = {isa = PBXBuildFile; fileRef = 2F1315181A4B162C002E4652 /* BFScanViewController.m */; };
		2F20CE7C1A49369E0041012B /* Foundation.framework in Frameworks */ = {isa = PBXBuildFile; fileRef = 2F20CE7B1A49369E0041012B /* Foundation.framework */; };
		2F20CE7E1A49369E0041012B /* CoreGraphics.framework in Frameworks */ = {isa = PBXBuildFile; fileRef = 2F20CE7D1A49369E0041012B /* CoreGraphics.framework */; };
		2F20CE801A49369E0041012B /* UIKit.framework in Frameworks */ = {isa = PBXBuildFile; fileRef = 2F20CE7F1A49369E0041012B /* UIKit.framework */; };
		2F20CE861A49369E0041012B /* InfoPlist.strings in Resources */ = {isa = PBXBuildFile; fileRef = 2F20CE841A49369E0041012B /* InfoPlist.strings */; };
		2F20CE881A49369E0041012B /* main.m in Sources */ = {isa = PBXBuildFile; fileRef = 2F20CE871A49369E0041012B /* main.m */; };
		2F20CE8C1A49369E0041012B /* BFAppDelegate.m in Sources */ = {isa = PBXBuildFile; fileRef = 2F20CE8B1A49369E0041012B /* BFAppDelegate.m */; };
		2F20CE8F1A49369E0041012B /* Main.storyboard in Resources */ = {isa = PBXBuildFile; fileRef = 2F20CE8D1A49369E0041012B /* Main.storyboard */; };
		2F20CE941A49369E0041012B /* Images.xcassets in Resources */ = {isa = PBXBuildFile; fileRef = 2F20CE931A49369E0041012B /* Images.xcassets */; };
		2F20CE9B1A49369E0041012B /* XCTest.framework in Frameworks */ = {isa = PBXBuildFile; fileRef = 2F20CE9A1A49369E0041012B /* XCTest.framework */; };
		2F20CE9C1A49369E0041012B /* Foundation.framework in Frameworks */ = {isa = PBXBuildFile; fileRef = 2F20CE7B1A49369E0041012B /* Foundation.framework */; };
		2F20CE9D1A49369F0041012B /* UIKit.framework in Frameworks */ = {isa = PBXBuildFile; fileRef = 2F20CE7F1A49369E0041012B /* UIKit.framework */; };
		2F20CEA51A49369F0041012B /* InfoPlist.strings in Resources */ = {isa = PBXBuildFile; fileRef = 2F20CEA31A49369F0041012B /* InfoPlist.strings */; };
		2F20CEA71A49369F0041012B /* ScoreTests.m in Sources */ = {isa = PBXBuildFile; fileRef = 2F20CEA61A49369F0041012B /* ScoreTests.m */; };
		2F29FDBF1A651D310061AC37 /* CHTCollectionViewWaterfallLayout.m in Sources */ = {isa = PBXBuildFile; fileRef = 2F29FDBE1A651D310061AC37 /* CHTCollectionViewWaterfallLayout.m */; };
		2F29FDC21A651D650061AC37 /* MainPageCollectionCell.xib in Resources */ = {isa = PBXBuildFile; fileRef = 2F29FDC11A651D650061AC37 /* MainPageCollectionCell.xib */; };
		2F29FDC51A651E860061AC37 /* MainPageCollectionCell.m in Sources */ = {isa = PBXBuildFile; fileRef = 2F29FDC41A651E860061AC37 /* MainPageCollectionCell.m */; };
		2F4BCAE01A4A67B2004CD381 /* BFWizardViewController.m in Sources */ = {isa = PBXBuildFile; fileRef = 2F4BCADF1A4A67B2004CD381 /* BFWizardViewController.m */; };
		2F4BCAE31A4A68D7004CD381 /* BFMainTabsViewController.m in Sources */ = {isa = PBXBuildFile; fileRef = 2F4BCAE21A4A68D7004CD381 /* BFMainTabsViewController.m */; };
		2F4BCB271A4A94E4004CD381 /* BFDataPersistence.m in Sources */ = {isa = PBXBuildFile; fileRef = 2F4BCB261A4A94E4004CD381 /* BFDataPersistence.m */; };
		2F626B811A70EBBA005C4DFD /* ProductsTableItemCell.xib in Resources */ = {isa = PBXBuildFile; fileRef = 2F626B801A70EBBA005C4DFD /* ProductsTableItemCell.xib */; };
		2F626B841A70EE43005C4DFD /* ProductsTableItemCell.m in Sources */ = {isa = PBXBuildFile; fileRef = 2F626B831A70EE43005C4DFD /* ProductsTableItemCell.m */; };
		2F68049F1A66127400F79513 /* GDataXMLNode.m in Sources */ = {isa = PBXBuildFile; fileRef = 2F68049E1A66127400F79513 /* GDataXMLNode.m */; settings = {COMPILER_FLAGS = "-fno-objc-arc"; }; };
		2F6804A21A66416D00F79513 /* BFShopsViewController.m in Sources */ = {isa = PBXBuildFile; fileRef = 2F6804A11A66416D00F79513 /* BFShopsViewController.m */; };
		2F6804A51A664D6200F79513 /* ShopsTableItemCell.xib in Resources */ = {isa = PBXBuildFile; fileRef = 2F6804A41A664D6200F79513 /* ShopsTableItemCell.xib */; };
		2F6804A81A664D7C00F79513 /* ShopsTableItemCell.m in Sources */ = {isa = PBXBuildFile; fileRef = 2F6804A71A664D7C00F79513 /* ShopsTableItemCell.m */; };
		2F6DFF911A68EA7100A17FAF /* libzbar.a in Frameworks */ = {isa = PBXBuildFile; fileRef = 2F6DFF901A68EA7100A17FAF /* libzbar.a */; };
		2FA49A6D1A49B80E00689E7D /* BFWeiboLoginViewController.m in Sources */ = {isa = PBXBuildFile; fileRef = 2FA49A6C1A49B80E00689E7D /* BFWeiboLoginViewController.m */; };
		2FA49A701A49B81E00689E7D /* BFPhoneLoginViewController.m in Sources */ = {isa = PBXBuildFile; fileRef = 2FA49A6F1A49B81E00689E7D /* BFPhoneLoginViewController.m */; };
		2FA49A731A49B83400689E7D /* BFAccountRegisterViewController.m in Sources */ = {isa = PBXBuildFile; fileRef = 2FA49A721A49B83400689E7D /* BFAccountRegisterViewController.m */; };
		2FA49A761A49C36000689E7D /* BFNavigationController.m in Sources */ = {isa = PBXBuildFile; fileRef = 2FA49A751A49C36000689E7D /* BFNavigationController.m */; };
		2FB21DA51A4AA5DE00BC1765 /* BFHomeTabViewController.m in Sources */ = {isa = PBXBuildFile; fileRef = 2FB21DA41A4AA5DE00BC1765 /* BFHomeTabViewController.m */; };
		2FB9161F1A656D8400754FDD /* BFTabsNavigationViewController.m in Sources */ = {isa = PBXBuildFile; fileRef = 2FB9161E1A656D8400754FDD /* BFTabsNavigationViewController.m */; };
		2FEA5D7B1A49472400E5C767 /* BFLoginViewController.m in Sources */ = {isa = PBXBuildFile; fileRef = 2FEA5D7A1A49472400E5C767 /* BFLoginViewController.m */; };
		2FF4D0771A6FE4B100A6EF26 /* BFProductsViewController.m in Sources */ = {isa = PBXBuildFile; fileRef = 2FF4D0761A6FE4B100A6EF26 /* BFProductsViewController.m */; };
/* End PBXBuildFile section */

/* Begin PBXContainerItemProxy section */
		2F20CE9E1A49369F0041012B /* PBXContainerItemProxy */ = {
			isa = PBXContainerItemProxy;
			containerPortal = 2F20CE701A49369E0041012B /* Project object */;
			proxyType = 1;
			remoteGlobalIDString = 2F20CE771A49369E0041012B;
			remoteInfo = Score;
		};
/* End PBXContainerItemProxy section */

/* Begin PBXFileReference section */
		2F1314F21A4B156E002E4652 /* .gitignore */ = {isa = PBXFileReference; fileEncoding = 4; lastKnownFileType = text; path = .gitignore; sourceTree = "<group>"; };
		2F1314F61A4B156E002E4652 /* Decoder.h */ = {isa = PBXFileReference; fileEncoding = 4; lastKnownFileType = sourcecode.c.h; path = Decoder.h; sourceTree = "<group>"; };
		2F1314F71A4B156E002E4652 /* Exception.h */ = {isa = PBXFileReference; fileEncoding = 4; lastKnownFileType = sourcecode.c.h; path = Exception.h; sourceTree = "<group>"; };
		2F1314F81A4B156E002E4652 /* Image.h */ = {isa = PBXFileReference; fileEncoding = 4; lastKnownFileType = sourcecode.c.h; path = Image.h; sourceTree = "<group>"; };
		2F1314F91A4B156E002E4652 /* ImageScanner.h */ = {isa = PBXFileReference; fileEncoding = 4; lastKnownFileType = sourcecode.c.h; path = ImageScanner.h; sourceTree = "<group>"; };
		2F1314FA1A4B156E002E4652 /* Processor.h */ = {isa = PBXFileReference; fileEncoding = 4; lastKnownFileType = sourcecode.c.h; path = Processor.h; sourceTree = "<group>"; };
		2F1314FB1A4B156E002E4652 /* Scanner.h */ = {isa = PBXFileReference; fileEncoding = 4; lastKnownFileType = sourcecode.c.h; path = Scanner.h; sourceTree = "<group>"; };
		2F1314FC1A4B156E002E4652 /* Symbol.h */ = {isa = PBXFileReference; fileEncoding = 4; lastKnownFileType = sourcecode.c.h; path = Symbol.h; sourceTree = "<group>"; };
		2F1314FD1A4B156E002E4652 /* Video.h */ = {isa = PBXFileReference; fileEncoding = 4; lastKnownFileType = sourcecode.c.h; path = Video.h; sourceTree = "<group>"; };
		2F1314FE1A4B156E002E4652 /* Window.h */ = {isa = PBXFileReference; fileEncoding = 4; lastKnownFileType = sourcecode.c.h; path = Window.h; sourceTree = "<group>"; };
		2F1314FF1A4B156E002E4652 /* zbar.h */ = {isa = PBXFileReference; fileEncoding = 4; lastKnownFileType = sourcecode.c.h; path = zbar.h; sourceTree = "<group>"; };
		2F1315001A4B156E002E4652 /* ZBarCameraSimulator.h */ = {isa = PBXFileReference; fileEncoding = 4; lastKnownFileType = sourcecode.c.h; path = ZBarCameraSimulator.h; sourceTree = "<group>"; };
		2F1315011A4B156E002E4652 /* ZBarCaptureReader.h */ = {isa = PBXFileReference; fileEncoding = 4; lastKnownFileType = sourcecode.c.h; path = ZBarCaptureReader.h; sourceTree = "<group>"; };
		2F1315021A4B156E002E4652 /* ZBarHelpController.h */ = {isa = PBXFileReference; fileEncoding = 4; lastKnownFileType = sourcecode.c.h; path = ZBarHelpController.h; sourceTree = "<group>"; };
		2F1315031A4B156E002E4652 /* ZBarImage.h */ = {isa = PBXFileReference; fileEncoding = 4; lastKnownFileType = sourcecode.c.h; path = ZBarImage.h; sourceTree = "<group>"; };
		2F1315041A4B156E002E4652 /* ZBarImageScanner.h */ = {isa = PBXFileReference; fileEncoding = 4; lastKnownFileType = sourcecode.c.h; path = ZBarImageScanner.h; sourceTree = "<group>"; };
		2F1315051A4B156E002E4652 /* ZBarReaderController.h */ = {isa = PBXFileReference; fileEncoding = 4; lastKnownFileType = sourcecode.c.h; path = ZBarReaderController.h; sourceTree = "<group>"; };
		2F1315061A4B156E002E4652 /* ZBarReaderView.h */ = {isa = PBXFileReference; fileEncoding = 4; lastKnownFileType = sourcecode.c.h; path = ZBarReaderView.h; sourceTree = "<group>"; };
		2F1315071A4B156E002E4652 /* ZBarReaderViewController.h */ = {isa = PBXFileReference; fileEncoding = 4; lastKnownFileType = sourcecode.c.h; path = ZBarReaderViewController.h; sourceTree = "<group>"; };
		2F1315081A4B156E002E4652 /* ZBarSDK.h */ = {isa = PBXFileReference; fileEncoding = 4; lastKnownFileType = sourcecode.c.h; path = ZBarSDK.h; sourceTree = "<group>"; };
		2F1315091A4B156E002E4652 /* ZBarSymbol.h */ = {isa = PBXFileReference; fileEncoding = 4; lastKnownFileType = sourcecode.c.h; path = ZBarSymbol.h; sourceTree = "<group>"; };
		2F13150D1A4B159E002E4652 /* CoreMedia.framework */ = {isa = PBXFileReference; lastKnownFileType = wrapper.framework; name = CoreMedia.framework; path = System/Library/Frameworks/CoreMedia.framework; sourceTree = SDKROOT; };
		2F13150F1A4B15A9002E4652 /* CoreVideo.framework */ = {isa = PBXFileReference; lastKnownFileType = wrapper.framework; name = CoreVideo.framework; path = System/Library/Frameworks/CoreVideo.framework; sourceTree = SDKROOT; };
		2F1315111A4B15B7002E4652 /* QuartzCore.framework */ = {isa = PBXFileReference; lastKnownFileType = wrapper.framework; name = QuartzCore.framework; path = System/Library/Frameworks/QuartzCore.framework; sourceTree = SDKROOT; };
		2F1315131A4B15C1002E4652 /* AVFoundation.framework */ = {isa = PBXFileReference; lastKnownFileType = wrapper.framework; name = AVFoundation.framework; path = System/Library/Frameworks/AVFoundation.framework; sourceTree = SDKROOT; };
		2F1315151A4B15CF002E4652 /* libiconv.dylib */ = {isa = PBXFileReference; lastKnownFileType = "compiled.mach-o.dylib"; name = libiconv.dylib; path = usr/lib/libiconv.dylib; sourceTree = SDKROOT; };
		2F1315171A4B162C002E4652 /* BFScanViewController.h */ = {isa = PBXFileReference; fileEncoding = 4; lastKnownFileType = sourcecode.c.h; path = BFScanViewController.h; sourceTree = "<group>"; };
		2F1315181A4B162C002E4652 /* BFScanViewController.m */ = {isa = PBXFileReference; fileEncoding = 4; lastKnownFileType = sourcecode.c.objc; path = BFScanViewController.m; sourceTree = "<group>"; };
		2F20CE781A49369E0041012B /* Score.app */ = {isa = PBXFileReference; explicitFileType = wrapper.application; includeInIndex = 0; path = Score.app; sourceTree = BUILT_PRODUCTS_DIR; };
		2F20CE7B1A49369E0041012B /* Foundation.framework */ = {isa = PBXFileReference; lastKnownFileType = wrapper.framework; name = Foundation.framework; path = System/Library/Frameworks/Foundation.framework; sourceTree = SDKROOT; };
		2F20CE7D1A49369E0041012B /* CoreGraphics.framework */ = {isa = PBXFileReference; lastKnownFileType = wrapper.framework; name = CoreGraphics.framework; path = System/Library/Frameworks/CoreGraphics.framework; sourceTree = SDKROOT; };
		2F20CE7F1A49369E0041012B /* UIKit.framework */ = {isa = PBXFileReference; lastKnownFileType = wrapper.framework; name = UIKit.framework; path = System/Library/Frameworks/UIKit.framework; sourceTree = SDKROOT; };
		2F20CE831A49369E0041012B /* Score-Info.plist */ = {isa = PBXFileReference; lastKnownFileType = text.plist.xml; path = "Score-Info.plist"; sourceTree = "<group>"; };
		2F20CE851A49369E0041012B /* en */ = {isa = PBXFileReference; lastKnownFileType = text.plist.strings; name = en; path = en.lproj/InfoPlist.strings; sourceTree = "<group>"; };
		2F20CE871A49369E0041012B /* main.m */ = {isa = PBXFileReference; lastKnownFileType = sourcecode.c.objc; path = main.m; sourceTree = "<group>"; };
		2F20CE891A49369E0041012B /* Score-Prefix.pch */ = {isa = PBXFileReference; lastKnownFileType = sourcecode.c.h; path = "Score-Prefix.pch"; sourceTree = "<group>"; };
		2F20CE8A1A49369E0041012B /* BFAppDelegate.h */ = {isa = PBXFileReference; lastKnownFileType = sourcecode.c.h; path = BFAppDelegate.h; sourceTree = "<group>"; };
		2F20CE8B1A49369E0041012B /* BFAppDelegate.m */ = {isa = PBXFileReference; lastKnownFileType = sourcecode.c.objc; path = BFAppDelegate.m; sourceTree = "<group>"; };
		2F20CE8E1A49369E0041012B /* Base */ = {isa = PBXFileReference; lastKnownFileType = file.storyboard; name = Base; path = Base.lproj/Main.storyboard; sourceTree = "<group>"; };
		2F20CE931A49369E0041012B /* Images.xcassets */ = {isa = PBXFileReference; lastKnownFileType = folder.assetcatalog; path = Images.xcassets; sourceTree = "<group>"; };
		2F20CE991A49369E0041012B /* ScoreTests.xctest */ = {isa = PBXFileReference; explicitFileType = wrapper.cfbundle; includeInIndex = 0; path = ScoreTests.xctest; sourceTree = BUILT_PRODUCTS_DIR; };
		2F20CE9A1A49369E0041012B /* XCTest.framework */ = {isa = PBXFileReference; lastKnownFileType = wrapper.framework; name = XCTest.framework; path = Library/Frameworks/XCTest.framework; sourceTree = DEVELOPER_DIR; };
		2F20CEA21A49369F0041012B /* ScoreTests-Info.plist */ = {isa = PBXFileReference; lastKnownFileType = text.plist.xml; path = "ScoreTests-Info.plist"; sourceTree = "<group>"; };
		2F20CEA41A49369F0041012B /* en */ = {isa = PBXFileReference; lastKnownFileType = text.plist.strings; name = en; path = en.lproj/InfoPlist.strings; sourceTree = "<group>"; };
		2F20CEA61A49369F0041012B /* ScoreTests.m */ = {isa = PBXFileReference; lastKnownFileType = sourcecode.c.objc; path = ScoreTests.m; sourceTree = "<group>"; };
		2F29FDBD1A651D310061AC37 /* CHTCollectionViewWaterfallLayout.h */ = {isa = PBXFileReference; fileEncoding = 4; lastKnownFileType = sourcecode.c.h; path = CHTCollectionViewWaterfallLayout.h; sourceTree = "<group>"; };
		2F29FDBE1A651D310061AC37 /* CHTCollectionViewWaterfallLayout.m */ = {isa = PBXFileReference; fileEncoding = 4; lastKnownFileType = sourcecode.c.objc; path = CHTCollectionViewWaterfallLayout.m; sourceTree = "<group>"; };
		2F29FDC11A651D650061AC37 /* MainPageCollectionCell.xib */ = {isa = PBXFileReference; fileEncoding = 4; lastKnownFileType = file.xib; path = MainPageCollectionCell.xib; sourceTree = "<group>"; };
		2F29FDC31A651E860061AC37 /* MainPageCollectionCell.h */ = {isa = PBXFileReference; fileEncoding = 4; lastKnownFileType = sourcecode.c.h; path = MainPageCollectionCell.h; sourceTree = "<group>"; };
		2F29FDC41A651E860061AC37 /* MainPageCollectionCell.m */ = {isa = PBXFileReference; fileEncoding = 4; lastKnownFileType = sourcecode.c.objc; path = MainPageCollectionCell.m; sourceTree = "<group>"; };
		2F4BCADE1A4A67B2004CD381 /* BFWizardViewController.h */ = {isa = PBXFileReference; fileEncoding = 4; lastKnownFileType = sourcecode.c.h; path = BFWizardViewController.h; sourceTree = "<group>"; };
		2F4BCADF1A4A67B2004CD381 /* BFWizardViewController.m */ = {isa = PBXFileReference; fileEncoding = 4; lastKnownFileType = sourcecode.c.objc; path = BFWizardViewController.m; sourceTree = "<group>"; };
		2F4BCAE11A4A68D7004CD381 /* BFMainTabsViewController.h */ = {isa = PBXFileReference; fileEncoding = 4; lastKnownFileType = sourcecode.c.h; path = BFMainTabsViewController.h; sourceTree = "<group>"; };
		2F4BCAE21A4A68D7004CD381 /* BFMainTabsViewController.m */ = {isa = PBXFileReference; fileEncoding = 4; lastKnownFileType = sourcecode.c.objc; path = BFMainTabsViewController.m; sourceTree = "<group>"; };
		2F4BCB251A4A94E4004CD381 /* BFDataPersistence.h */ = {isa = PBXFileReference; fileEncoding = 4; lastKnownFileType = sourcecode.c.h; path = BFDataPersistence.h; sourceTree = "<group>"; };
		2F4BCB261A4A94E4004CD381 /* BFDataPersistence.m */ = {isa = PBXFileReference; fileEncoding = 4; lastKnownFileType = sourcecode.c.objc; path = BFDataPersistence.m; sourceTree = "<group>"; };
		2F626B801A70EBBA005C4DFD /* ProductsTableItemCell.xib */ = {isa = PBXFileReference; fileEncoding = 4; lastKnownFileType = file.xib; path = ProductsTableItemCell.xib; sourceTree = "<group>"; };
		2F626B821A70EE43005C4DFD /* ProductsTableItemCell.h */ = {isa = PBXFileReference; fileEncoding = 4; lastKnownFileType = sourcecode.c.h; path = ProductsTableItemCell.h; sourceTree = "<group>"; };
		2F626B831A70EE43005C4DFD /* ProductsTableItemCell.m */ = {isa = PBXFileReference; fileEncoding = 4; lastKnownFileType = sourcecode.c.objc; path = ProductsTableItemCell.m; sourceTree = "<group>"; };
		2F68049D1A66127400F79513 /* GDataXMLNode.h */ = {isa = PBXFileReference; fileEncoding = 4; lastKnownFileType = sourcecode.c.h; path = GDataXMLNode.h; sourceTree = "<group>"; };
		2F68049E1A66127400F79513 /* GDataXMLNode.m */ = {isa = PBXFileReference; fileEncoding = 4; lastKnownFileType = sourcecode.c.objc; path = GDataXMLNode.m; sourceTree = "<group>"; };
		2F6804A01A66416D00F79513 /* BFShopsViewController.h */ = {isa = PBXFileReference; fileEncoding = 4; lastKnownFileType = sourcecode.c.h; path = BFShopsViewController.h; sourceTree = "<group>"; };
		2F6804A11A66416D00F79513 /* BFShopsViewController.m */ = {isa = PBXFileReference; fileEncoding = 4; lastKnownFileType = sourcecode.c.objc; path = BFShopsViewController.m; sourceTree = "<group>"; };
		2F6804A41A664D6200F79513 /* ShopsTableItemCell.xib */ = {isa = PBXFileReference; fileEncoding = 4; lastKnownFileType = file.xib; path = ShopsTableItemCell.xib; sourceTree = "<group>"; };
		2F6804A61A664D7C00F79513 /* ShopsTableItemCell.h */ = {isa = PBXFileReference; fileEncoding = 4; lastKnownFileType = sourcecode.c.h; path = ShopsTableItemCell.h; sourceTree = "<group>"; };
		2F6804A71A664D7C00F79513 /* ShopsTableItemCell.m */ = {isa = PBXFileReference; fileEncoding = 4; lastKnownFileType = sourcecode.c.objc; path = ShopsTableItemCell.m; sourceTree = "<group>"; };
		2F6DFF901A68EA7100A17FAF /* libzbar.a */ = {isa = PBXFileReference; lastKnownFileType = archive.ar; path = libzbar.a; sourceTree = "<group>"; };
		2FA49A6B1A49B80E00689E7D /* BFWeiboLoginViewController.h */ = {isa = PBXFileReference; fileEncoding = 4; lastKnownFileType = sourcecode.c.h; path = BFWeiboLoginViewController.h; sourceTree = "<group>"; };
		2FA49A6C1A49B80E00689E7D /* BFWeiboLoginViewController.m */ = {isa = PBXFileReference; fileEncoding = 4; lastKnownFileType = sourcecode.c.objc; path = BFWeiboLoginViewController.m; sourceTree = "<group>"; };
		2FA49A6E1A49B81E00689E7D /* BFPhoneLoginViewController.h */ = {isa = PBXFileReference; fileEncoding = 4; lastKnownFileType = sourcecode.c.h; path = BFPhoneLoginViewController.h; sourceTree = "<group>"; };
		2FA49A6F1A49B81E00689E7D /* BFPhoneLoginViewController.m */ = {isa = PBXFileReference; fileEncoding = 4; lastKnownFileType = sourcecode.c.objc; path = BFPhoneLoginViewController.m; sourceTree = "<group>"; };
		2FA49A711A49B83400689E7D /* BFAccountRegisterViewController.h */ = {isa = PBXFileReference; fileEncoding = 4; lastKnownFileType = sourcecode.c.h; path = BFAccountRegisterViewController.h; sourceTree = "<group>"; };
		2FA49A721A49B83400689E7D /* BFAccountRegisterViewController.m */ = {isa = PBXFileReference; fileEncoding = 4; lastKnownFileType = sourcecode.c.objc; path = BFAccountRegisterViewController.m; sourceTree = "<group>"; };
		2FA49A741A49C36000689E7D /* BFNavigationController.h */ = {isa = PBXFileReference; fileEncoding = 4; lastKnownFileType = sourcecode.c.h; path = BFNavigationController.h; sourceTree = "<group>"; };
		2FA49A751A49C36000689E7D /* BFNavigationController.m */ = {isa = PBXFileReference; fileEncoding = 4; lastKnownFileType = sourcecode.c.objc; path = BFNavigationController.m; sourceTree = "<group>"; };
		2FB21DA31A4AA5DD00BC1765 /* BFHomeTabViewController.h */ = {isa = PBXFileReference; fileEncoding = 4; lastKnownFileType = sourcecode.c.h; path = BFHomeTabViewController.h; sourceTree = "<group>"; };
		2FB21DA41A4AA5DE00BC1765 /* BFHomeTabViewController.m */ = {isa = PBXFileReference; fileEncoding = 4; lastKnownFileType = sourcecode.c.objc; path = BFHomeTabViewController.m; sourceTree = "<group>"; };
		2FB9161D1A656D8400754FDD /* BFTabsNavigationViewController.h */ = {isa = PBXFileReference; fileEncoding = 4; lastKnownFileType = sourcecode.c.h; path = BFTabsNavigationViewController.h; sourceTree = "<group>"; };
		2FB9161E1A656D8400754FDD /* BFTabsNavigationViewController.m */ = {isa = PBXFileReference; fileEncoding = 4; lastKnownFileType = sourcecode.c.objc; path = BFTabsNavigationViewController.m; sourceTree = "<group>"; };
		2FEA5D791A49472400E5C767 /* BFLoginViewController.h */ = {isa = PBXFileReference; fileEncoding = 4; lastKnownFileType = sourcecode.c.h; path = BFLoginViewController.h; sourceTree = "<group>"; };
		2FEA5D7A1A49472400E5C767 /* BFLoginViewController.m */ = {isa = PBXFileReference; fileEncoding = 4; lastKnownFileType = sourcecode.c.objc; path = BFLoginViewController.m; sourceTree = "<group>"; };
		2FF4D0751A6FE4B100A6EF26 /* BFProductsViewController.h */ = {isa = PBXFileReference; fileEncoding = 4; lastKnownFileType = sourcecode.c.h; path = BFProductsViewController.h; sourceTree = "<group>"; };
		2FF4D0761A6FE4B100A6EF26 /* BFProductsViewController.m */ = {isa = PBXFileReference; fileEncoding = 4; lastKnownFileType = sourcecode.c.objc; path = BFProductsViewController.m; sourceTree = "<group>"; };
/* End PBXFileReference section */

/* Begin PBXFrameworksBuildPhase section */
		2F20CE751A49369E0041012B /* Frameworks */ = {
			isa = PBXFrameworksBuildPhase;
			buildActionMask = 2147483647;
			files = (
				2F1315161A4B15CF002E4652 /* libiconv.dylib in Frameworks */,
				2F1315141A4B15C1002E4652 /* AVFoundation.framework in Frameworks */,
				2F6DFF911A68EA7100A17FAF /* libzbar.a in Frameworks */,
				2F1315121A4B15B7002E4652 /* QuartzCore.framework in Frameworks */,
				2F1315101A4B15A9002E4652 /* CoreVideo.framework in Frameworks */,
				2F13150E1A4B159E002E4652 /* CoreMedia.framework in Frameworks */,
				2F20CE7E1A49369E0041012B /* CoreGraphics.framework in Frameworks */,
				2F20CE801A49369E0041012B /* UIKit.framework in Frameworks */,
				2F20CE7C1A49369E0041012B /* Foundation.framework in Frameworks */,
			);
			runOnlyForDeploymentPostprocessing = 0;
		};
		2F20CE961A49369E0041012B /* Frameworks */ = {
			isa = PBXFrameworksBuildPhase;
			buildActionMask = 2147483647;
			files = (
				2F20CE9B1A49369E0041012B /* XCTest.framework in Frameworks */,
				2F20CE9D1A49369F0041012B /* UIKit.framework in Frameworks */,
				2F20CE9C1A49369E0041012B /* Foundation.framework in Frameworks */,
			);
			runOnlyForDeploymentPostprocessing = 0;
		};
/* End PBXFrameworksBuildPhase section */

/* Begin PBXGroup section */
		2F1314F11A4B156E002E4652 /* ZBarSDK */ = {
			isa = PBXGroup;
			children = (
				2F6DFF901A68EA7100A17FAF /* libzbar.a */,
				2F1314F21A4B156E002E4652 /* .gitignore */,
				2F1314F31A4B156E002E4652 /* Headers */,
			);
			path = ZBarSDK;
			sourceTree = "<group>";
		};
		2F1314F31A4B156E002E4652 /* Headers */ = {
			isa = PBXGroup;
			children = (
				2F1314F41A4B156E002E4652 /* ZBarSDK */,
			);
			path = Headers;
			sourceTree = "<group>";
		};
		2F1314F41A4B156E002E4652 /* ZBarSDK */ = {
			isa = PBXGroup;
			children = (
				2F1314F51A4B156E002E4652 /* zbar */,
				2F1314FF1A4B156E002E4652 /* zbar.h */,
				2F1315001A4B156E002E4652 /* ZBarCameraSimulator.h */,
				2F1315011A4B156E002E4652 /* ZBarCaptureReader.h */,
				2F1315021A4B156E002E4652 /* ZBarHelpController.h */,
				2F1315031A4B156E002E4652 /* ZBarImage.h */,
				2F1315041A4B156E002E4652 /* ZBarImageScanner.h */,
				2F1315051A4B156E002E4652 /* ZBarReaderController.h */,
				2F1315061A4B156E002E4652 /* ZBarReaderView.h */,
				2F1315071A4B156E002E4652 /* ZBarReaderViewController.h */,
				2F1315081A4B156E002E4652 /* ZBarSDK.h */,
				2F1315091A4B156E002E4652 /* ZBarSymbol.h */,
			);
			path = ZBarSDK;
			sourceTree = "<group>";
		};
		2F1314F51A4B156E002E4652 /* zbar */ = {
			isa = PBXGroup;
			children = (
				2F1314F61A4B156E002E4652 /* Decoder.h */,
				2F1314F71A4B156E002E4652 /* Exception.h */,
				2F1314F81A4B156E002E4652 /* Image.h */,
				2F1314F91A4B156E002E4652 /* ImageScanner.h */,
				2F1314FA1A4B156E002E4652 /* Processor.h */,
				2F1314FB1A4B156E002E4652 /* Scanner.h */,
				2F1314FC1A4B156E002E4652 /* Symbol.h */,
				2F1314FD1A4B156E002E4652 /* Video.h */,
				2F1314FE1A4B156E002E4652 /* Window.h */,
			);
			path = zbar;
			sourceTree = "<group>";
		};
		2F20CE6F1A49369E0041012B = {
			isa = PBXGroup;
			children = (
				2F20CE811A49369E0041012B /* Score */,
				2F20CEA01A49369F0041012B /* ScoreTests */,
				2F20CE7A1A49369E0041012B /* Frameworks */,
				2F20CE791A49369E0041012B /* Products */,
				2F1314F11A4B156E002E4652 /* ZBarSDK */,
			);
			sourceTree = "<group>";
		};
		2F20CE791A49369E0041012B /* Products */ = {
			isa = PBXGroup;
			children = (
				2F20CE781A49369E0041012B /* Score.app */,
				2F20CE991A49369E0041012B /* ScoreTests.xctest */,
			);
			name = Products;
			sourceTree = "<group>";
		};
		2F20CE7A1A49369E0041012B /* Frameworks */ = {
			isa = PBXGroup;
			children = (
				2F1315151A4B15CF002E4652 /* libiconv.dylib */,
				2F1315131A4B15C1002E4652 /* AVFoundation.framework */,
				2F1315111A4B15B7002E4652 /* QuartzCore.framework */,
				2F13150F1A4B15A9002E4652 /* CoreVideo.framework */,
				2F13150D1A4B159E002E4652 /* CoreMedia.framework */,
				2F20CE7B1A49369E0041012B /* Foundation.framework */,
				2F20CE7D1A49369E0041012B /* CoreGraphics.framework */,
				2F20CE7F1A49369E0041012B /* UIKit.framework */,
				2F20CE9A1A49369E0041012B /* XCTest.framework */,
			);
			name = Frameworks;
			sourceTree = "<group>";
		};
		2F20CE811A49369E0041012B /* Score */ = {
			isa = PBXGroup;
			children = (
				2F6804A31A664D3B00F79513 /* TableCell */,
				2F29FDC01A651D430061AC37 /* CollectionCell */,
				2F20CE8A1A49369E0041012B /* BFAppDelegate.h */,
				2F20CE8B1A49369E0041012B /* BFAppDelegate.m */,
				2F68049D1A66127400F79513 /* GDataXMLNode.h */,
				2F68049E1A66127400F79513 /* GDataXMLNode.m */,
				2FA49A741A49C36000689E7D /* BFNavigationController.h */,
				2FA49A751A49C36000689E7D /* BFNavigationController.m */,
				2F20CE8D1A49369E0041012B /* Main.storyboard */,
				2F29FDBD1A651D310061AC37 /* CHTCollectionViewWaterfallLayout.h */,
				2F29FDBE1A651D310061AC37 /* CHTCollectionViewWaterfallLayout.m */,
				2F4BCADE1A4A67B2004CD381 /* BFWizardViewController.h */,
				2F4BCADF1A4A67B2004CD381 /* BFWizardViewController.m */,
				2F4BCAE11A4A68D7004CD381 /* BFMainTabsViewController.h */,
				2F4BCAE21A4A68D7004CD381 /* BFMainTabsViewController.m */,
				2FB9161D1A656D8400754FDD /* BFTabsNavigationViewController.h */,
				2FB9161E1A656D8400754FDD /* BFTabsNavigationViewController.m */,
				2FB21DA31A4AA5DD00BC1765 /* BFHomeTabViewController.h */,
				2FB21DA41A4AA5DE00BC1765 /* BFHomeTabViewController.m */,
				2F6804A01A66416D00F79513 /* BFShopsViewController.h */,
				2F6804A11A66416D00F79513 /* BFShopsViewController.m */,
				2FF4D0751A6FE4B100A6EF26 /* BFProductsViewController.h */,
				2FF4D0761A6FE4B100A6EF26 /* BFProductsViewController.m */,
				2F1315171A4B162C002E4652 /* BFScanViewController.h */,
				2F1315181A4B162C002E4652 /* BFScanViewController.m */,
				2FEA5D791A49472400E5C767 /* BFLoginViewController.h */,
				2FEA5D7A1A49472400E5C767 /* BFLoginViewController.m */,
				2FA49A6B1A49B80E00689E7D /* BFWeiboLoginViewController.h */,
				2FA49A6C1A49B80E00689E7D /* BFWeiboLoginViewController.m */,
				2FA49A6E1A49B81E00689E7D /* BFPhoneLoginViewController.h */,
				2FA49A6F1A49B81E00689E7D /* BFPhoneLoginViewController.m */,
				2FA49A711A49B83400689E7D /* BFAccountRegisterViewController.h */,
				2FA49A721A49B83400689E7D /* BFAccountRegisterViewController.m */,
				2F4BCB251A4A94E4004CD381 /* BFDataPersistence.h */,
				2F4BCB261A4A94E4004CD381 /* BFDataPersistence.m */,
				2F20CE931A49369E0041012B /* Images.xcassets */,
				2F20CE821A49369E0041012B /* Supporting Files */,
			);
			path = Score;
			sourceTree = "<group>";
		};
		2F20CE821A49369E0041012B /* Supporting Files */ = {
			isa = PBXGroup;
			children = (
				2F20CE831A49369E0041012B /* Score-Info.plist */,
				2F20CE841A49369E0041012B /* InfoPlist.strings */,
				2F20CE871A49369E0041012B /* main.m */,
				2F20CE891A49369E0041012B /* Score-Prefix.pch */,
			);
			name = "Supporting Files";
			sourceTree = "<group>";
		};
		2F20CEA01A49369F0041012B /* ScoreTests */ = {
			isa = PBXGroup;
			children = (
				2F20CEA61A49369F0041012B /* ScoreTests.m */,
				2F20CEA11A49369F0041012B /* Supporting Files */,
			);
			path = ScoreTests;
			sourceTree = "<group>";
		};
		2F20CEA11A49369F0041012B /* Supporting Files */ = {
			isa = PBXGroup;
			children = (
				2F20CEA21A49369F0041012B /* ScoreTests-Info.plist */,
				2F20CEA31A49369F0041012B /* InfoPlist.strings */,
			);
			name = "Supporting Files";
			sourceTree = "<group>";
		};
		2F29FDC01A651D430061AC37 /* CollectionCell */ = {
			isa = PBXGroup;
			children = (
				2F29FDC11A651D650061AC37 /* MainPageCollectionCell.xib */,
				2F29FDC31A651E860061AC37 /* MainPageCollectionCell.h */,
				2F29FDC41A651E860061AC37 /* MainPageCollectionCell.m */,
			);
			name = CollectionCell;
			sourceTree = "<group>";
		};
		2F6804A31A664D3B00F79513 /* TableCell */ = {
			isa = PBXGroup;
			children = (
				2F6804A41A664D6200F79513 /* ShopsTableItemCell.xib */,
				2F6804A61A664D7C00F79513 /* ShopsTableItemCell.h */,
				2F6804A71A664D7C00F79513 /* ShopsTableItemCell.m */,
				2F626B801A70EBBA005C4DFD /* ProductsTableItemCell.xib */,
				2F626B821A70EE43005C4DFD /* ProductsTableItemCell.h */,
				2F626B831A70EE43005C4DFD /* ProductsTableItemCell.m */,
			);
			name = TableCell;
			sourceTree = "<group>";
		};
/* End PBXGroup section */

/* Begin PBXNativeTarget section */
		2F20CE771A49369E0041012B /* Score */ = {
			isa = PBXNativeTarget;
			buildConfigurationList = 2F20CEAA1A49369F0041012B /* Build configuration list for PBXNativeTarget "Score" */;
			buildPhases = (
				2F20CE741A49369E0041012B /* Sources */,
				2F20CE751A49369E0041012B /* Frameworks */,
				2F20CE761A49369E0041012B /* Resources */,
			);
			buildRules = (
			);
			dependencies = (
			);
			name = Score;
			productName = Score;
			productReference = 2F20CE781A49369E0041012B /* Score.app */;
			productType = "com.apple.product-type.application";
		};
		2F20CE981A49369E0041012B /* ScoreTests */ = {
			isa = PBXNativeTarget;
			buildConfigurationList = 2F20CEAD1A49369F0041012B /* Build configuration list for PBXNativeTarget "ScoreTests" */;
			buildPhases = (
				2F20CE951A49369E0041012B /* Sources */,
				2F20CE961A49369E0041012B /* Frameworks */,
				2F20CE971A49369E0041012B /* Resources */,
			);
			buildRules = (
			);
			dependencies = (
				2F20CE9F1A49369F0041012B /* PBXTargetDependency */,
			);
			name = ScoreTests;
			productName = ScoreTests;
			productReference = 2F20CE991A49369E0041012B /* ScoreTests.xctest */;
			productType = "com.apple.product-type.bundle.unit-test";
		};
/* End PBXNativeTarget section */

/* Begin PBXProject section */
		2F20CE701A49369E0041012B /* Project object */ = {
			isa = PBXProject;
			attributes = {
				CLASSPREFIX = BF;
				LastUpgradeCheck = 0500;
				ORGANIZATIONNAME = "Wang Long";
				TargetAttributes = {
					2F20CE771A49369E0041012B = {
						DevelopmentTeam = E99HD65J5U;
					};
					2F20CE981A49369E0041012B = {
						TestTargetID = 2F20CE771A49369E0041012B;
					};
				};
			};
			buildConfigurationList = 2F20CE731A49369E0041012B /* Build configuration list for PBXProject "Score" */;
			compatibilityVersion = "Xcode 3.2";
			developmentRegion = English;
			hasScannedForEncodings = 0;
			knownRegions = (
				en,
				Base,
			);
			mainGroup = 2F20CE6F1A49369E0041012B;
			productRefGroup = 2F20CE791A49369E0041012B /* Products */;
			projectDirPath = "";
			projectRoot = "";
			targets = (
				2F20CE771A49369E0041012B /* Score */,
				2F20CE981A49369E0041012B /* ScoreTests */,
			);
		};
/* End PBXProject section */

/* Begin PBXResourcesBuildPhase section */
		2F20CE761A49369E0041012B /* Resources */ = {
			isa = PBXResourcesBuildPhase;
			buildActionMask = 2147483647;
			files = (
				2F29FDC21A651D650061AC37 /* MainPageCollectionCell.xib in Resources */,
				2F6804A51A664D6200F79513 /* ShopsTableItemCell.xib in Resources */,
				2F13150B1A4B156E002E4652 /* .gitignore in Resources */,
				2F20CE941A49369E0041012B /* Images.xcassets in Resources */,
				2F20CE861A49369E0041012B /* InfoPlist.strings in Resources */,
				2F20CE8F1A49369E0041012B /* Main.storyboard in Resources */,
				2F626B811A70EBBA005C4DFD /* ProductsTableItemCell.xib in Resources */,
			);
			runOnlyForDeploymentPostprocessing = 0;
		};
		2F20CE971A49369E0041012B /* Resources */ = {
			isa = PBXResourcesBuildPhase;
			buildActionMask = 2147483647;
			files = (
				2F20CEA51A49369F0041012B /* InfoPlist.strings in Resources */,
			);
			runOnlyForDeploymentPostprocessing = 0;
		};
/* End PBXResourcesBuildPhase section */

/* Begin PBXSourcesBuildPhase section */
		2F20CE741A49369E0041012B /* Sources */ = {
			isa = PBXSourcesBuildPhase;
			buildActionMask = 2147483647;
			files = (
				2F20CE8C1A49369E0041012B /* BFAppDelegate.m in Sources */,
				2F626B841A70EE43005C4DFD /* ProductsTableItemCell.m in Sources */,
				2F68049F1A66127400F79513 /* GDataXMLNode.m in Sources */,
				2F4BCB271A4A94E4004CD381 /* BFDataPersistence.m in Sources */,
				2FA49A6D1A49B80E00689E7D /* BFWeiboLoginViewController.m in Sources */,
				2FEA5D7B1A49472400E5C767 /* BFLoginViewController.m in Sources */,
				2F4BCAE01A4A67B2004CD381 /* BFWizardViewController.m in Sources */,
				2F1315191A4B162C002E4652 /* BFScanViewController.m in Sources */,
				2FA49A731A49B83400689E7D /* BFAccountRegisterViewController.m in Sources */,
				2F4BCAE31A4A68D7004CD381 /* BFMainTabsViewController.m in Sources */,
				2FB9161F1A656D8400754FDD /* BFTabsNavigationViewController.m in Sources */,
				2FB21DA51A4AA5DE00BC1765 /* BFHomeTabViewController.m in Sources */,
				2F29FDBF1A651D310061AC37 /* CHTCollectionViewWaterfallLayout.m in Sources */,
				2FF4D0771A6FE4B100A6EF26 /* BFProductsViewController.m in Sources */,
				2F20CE881A49369E0041012B /* main.m in Sources */,
				2F6804A81A664D7C00F79513 /* ShopsTableItemCell.m in Sources */,
				2F6804A21A66416D00F79513 /* BFShopsViewController.m in Sources */,
				2FA49A761A49C36000689E7D /* BFNavigationController.m in Sources */,
				2FA49A701A49B81E00689E7D /* BFPhoneLoginViewController.m in Sources */,
				2F29FDC51A651E860061AC37 /* MainPageCollectionCell.m in Sources */,
			);
			runOnlyForDeploymentPostprocessing = 0;
		};
		2F20CE951A49369E0041012B /* Sources */ = {
			isa = PBXSourcesBuildPhase;
			buildActionMask = 2147483647;
			files = (
				2F20CEA71A49369F0041012B /* ScoreTests.m in Sources */,
			);
			runOnlyForDeploymentPostprocessing = 0;
		};
/* End PBXSourcesBuildPhase section */

/* Begin PBXTargetDependency section */
		2F20CE9F1A49369F0041012B /* PBXTargetDependency */ = {
			isa = PBXTargetDependency;
			target = 2F20CE771A49369E0041012B /* Score */;
			targetProxy = 2F20CE9E1A49369F0041012B /* PBXContainerItemProxy */;
		};
/* End PBXTargetDependency section */

/* Begin PBXVariantGroup section */
		2F20CE841A49369E0041012B /* InfoPlist.strings */ = {
			isa = PBXVariantGroup;
			children = (
				2F20CE851A49369E0041012B /* en */,
			);
			name = InfoPlist.strings;
			sourceTree = "<group>";
		};
		2F20CE8D1A49369E0041012B /* Main.storyboard */ = {
			isa = PBXVariantGroup;
			children = (
				2F20CE8E1A49369E0041012B /* Base */,
			);
			name = Main.storyboard;
			sourceTree = "<group>";
		};
		2F20CEA31A49369F0041012B /* InfoPlist.strings */ = {
			isa = PBXVariantGroup;
			children = (
				2F20CEA41A49369F0041012B /* en */,
			);
			name = InfoPlist.strings;
			sourceTree = "<group>";
		};
/* End PBXVariantGroup section */

/* Begin XCBuildConfiguration section */
		2F20CEA81A49369F0041012B /* Debug */ = {
			isa = XCBuildConfiguration;
			buildSettings = {
				ALWAYS_SEARCH_USER_PATHS = NO;
				ARCHS = "$(ARCHS_STANDARD_INCLUDING_64_BIT)";
				CLANG_CXX_LANGUAGE_STANDARD = "gnu++0x";
				CLANG_CXX_LIBRARY = "libc++";
				CLANG_ENABLE_MODULES = YES;
				CLANG_ENABLE_OBJC_ARC = YES;
				CLANG_WARN_BOOL_CONVERSION = YES;
				CLANG_WARN_CONSTANT_CONVERSION = YES;
				CLANG_WARN_DIRECT_OBJC_ISA_USAGE = YES_ERROR;
				CLANG_WARN_EMPTY_BODY = YES;
				CLANG_WARN_ENUM_CONVERSION = YES;
				CLANG_WARN_INT_CONVERSION = YES;
				CLANG_WARN_OBJC_ROOT_CLASS = YES_ERROR;
				CLANG_WARN__DUPLICATE_METHOD_MATCH = YES;
				"CODE_SIGN_IDENTITY[sdk=iphoneos*]" = "iPhone Developer";
				COPY_PHASE_STRIP = NO;
				GCC_C_LANGUAGE_STANDARD = gnu99;
				GCC_DYNAMIC_NO_PIC = NO;
				GCC_OPTIMIZATION_LEVEL = 0;
				GCC_PREPROCESSOR_DEFINITIONS = (
					"DEBUG=1",
					"$(inherited)",
				);
				GCC_SYMBOLS_PRIVATE_EXTERN = NO;
				GCC_WARN_64_TO_32_BIT_CONVERSION = YES;
				GCC_WARN_ABOUT_RETURN_TYPE = YES_ERROR;
				GCC_WARN_UNDECLARED_SELECTOR = YES;
				GCC_WARN_UNINITIALIZED_AUTOS = YES;
				GCC_WARN_UNUSED_FUNCTION = YES;
				GCC_WARN_UNUSED_VARIABLE = YES;
				IPHONEOS_DEPLOYMENT_TARGET = 7.0;
				ONLY_ACTIVE_ARCH = YES;
				SDKROOT = iphoneos;
			};
			name = Debug;
		};
		2F20CEA91A49369F0041012B /* Release */ = {
			isa = XCBuildConfiguration;
			buildSettings = {
				ALWAYS_SEARCH_USER_PATHS = NO;
				ARCHS = "$(ARCHS_STANDARD_INCLUDING_64_BIT)";
				CLANG_CXX_LANGUAGE_STANDARD = "gnu++0x";
				CLANG_CXX_LIBRARY = "libc++";
				CLANG_ENABLE_MODULES = YES;
				CLANG_ENABLE_OBJC_ARC = YES;
				CLANG_WARN_BOOL_CONVERSION = YES;
				CLANG_WARN_CONSTANT_CONVERSION = YES;
				CLANG_WARN_DIRECT_OBJC_ISA_USAGE = YES_ERROR;
				CLANG_WARN_EMPTY_BODY = YES;
				CLANG_WARN_ENUM_CONVERSION = YES;
				CLANG_WARN_INT_CONVERSION = YES;
				CLANG_WARN_OBJC_ROOT_CLASS = YES_ERROR;
				CLANG_WARN__DUPLICATE_METHOD_MATCH = YES;
				"CODE_SIGN_IDENTITY[sdk=iphoneos*]" = "iPhone Developer";
				COPY_PHASE_STRIP = YES;
				ENABLE_NS_ASSERTIONS = NO;
				GCC_C_LANGUAGE_STANDARD = gnu99;
				GCC_WARN_64_TO_32_BIT_CONVERSION = YES;
				GCC_WARN_ABOUT_RETURN_TYPE = YES_ERROR;
				GCC_WARN_UNDECLARED_SELECTOR = YES;
				GCC_WARN_UNINITIALIZED_AUTOS = YES;
				GCC_WARN_UNUSED_FUNCTION = YES;
				GCC_WARN_UNUSED_VARIABLE = YES;
				IPHONEOS_DEPLOYMENT_TARGET = 7.0;
				SDKROOT = iphoneos;
				VALIDATE_PRODUCT = YES;
			};
			name = Release;
		};
		2F20CEAB1A49369F0041012B /* Debug */ = {
			isa = XCBuildConfiguration;
			buildSettings = {
				ASSETCATALOG_COMPILER_APPICON_NAME = AppIcon;
				ASSETCATALOG_COMPILER_LAUNCHIMAGE_NAME = LaunchImage;
				CODE_SIGN_IDENTITY = "iPhone Developer";
				GCC_PRECOMPILE_PREFIX_HEADER = YES;
				GCC_PREFIX_HEADER = "Score/Score-Prefix.pch";
				HEADER_SEARCH_PATHS = (
					"$(inherited)",
					/Applications/Xcode5.app/Contents/Developer/Toolchains/XcodeDefault.xctoolchain/usr/include,
					/usr/include/libxml2,
				);
				INFOPLIST_FILE = "Score/Score-Info.plist";
				LIBRARY_SEARCH_PATHS = (
					"$(inherited)",
					/Users/lwang/iosProjects/Score/ZBarSDK,
					"$(USER_LIBRARY_DIR)/Developer/Xcode/DerivedData/zbar-gmkuzccwtprrgzaqwqnxndgereev/Build/Products",
				);
				OTHER_LDFLAGS = "-lxml2";
				PRODUCT_NAME = "$(TARGET_NAME)";
				WRAPPER_EXTENSION = app;
			};
			name = Debug;
		};
		2F20CEAC1A49369F0041012B /* Release */ = {
			isa = XCBuildConfiguration;
			buildSettings = {
				ASSETCATALOG_COMPILER_APPICON_NAME = AppIcon;
				ASSETCATALOG_COMPILER_LAUNCHIMAGE_NAME = LaunchImage;
				CODE_SIGN_IDENTITY = "iPhone Developer";
				GCC_PRECOMPILE_PREFIX_HEADER = YES;
				GCC_PREFIX_HEADER = "Score/Score-Prefix.pch";
				HEADER_SEARCH_PATHS = (
					"$(inherited)",
					/Applications/Xcode5.app/Contents/Developer/Toolchains/XcodeDefault.xctoolchain/usr/include,
					/usr/include/libxml2,
				);
				INFOPLIST_FILE = "Score/Score-Info.plist";
				LIBRARY_SEARCH_PATHS = (
					"$(inherited)",
					/Users/lwang/iosProjects/Score/ZBarSDK,
					"$(USER_LIBRARY_DIR)/Developer/Xcode/DerivedData/zbar-gmkuzccwtprrgzaqwqnxndgereev/Build/Products",
				);
				OTHER_LDFLAGS = "-lxml2";
				PRODUCT_NAME = "$(TARGET_NAME)";
				WRAPPER_EXTENSION = app;
			};
			name = Release;
		};
		2F20CEAE1A49369F0041012B /* Debug */ = {
			isa = XCBuildConfiguration;
			buildSettings = {
				ARCHS = "$(ARCHS_STANDARD_INCLUDING_64_BIT)";
				BUNDLE_LOADER = "$(BUILT_PRODUCTS_DIR)/Score.app/Score";
				FRAMEWORK_SEARCH_PATHS = (
					"$(SDKROOT)/Developer/Library/Frameworks",
					"$(inherited)",
					"$(DEVELOPER_FRAMEWORKS_DIR)",
				);
				GCC_PRECOMPILE_PREFIX_HEADER = YES;
				GCC_PREFIX_HEADER = "Score/Score-Prefix.pch";
				GCC_PREPROCESSOR_DEFINITIONS = (
					"DEBUG=1",
					"$(inherited)",
				);
				INFOPLIST_FILE = "ScoreTests/ScoreTests-Info.plist";
				PRODUCT_NAME = "$(TARGET_NAME)";
				TEST_HOST = "$(BUNDLE_LOADER)";
				WRAPPER_EXTENSION = xctest;
			};
			name = Debug;
		};
		2F20CEAF1A49369F0041012B /* Release */ = {
			isa = XCBuildConfiguration;
			buildSettings = {
				ARCHS = "$(ARCHS_STANDARD_INCLUDING_64_BIT)";
				BUNDLE_LOADER = "$(BUILT_PRODUCTS_DIR)/Score.app/Score";
				FRAMEWORK_SEARCH_PATHS = (
					"$(SDKROOT)/Developer/Library/Frameworks",
					"$(inherited)",
					"$(DEVELOPER_FRAMEWORKS_DIR)",
				);
				GCC_PRECOMPILE_PREFIX_HEADER = YES;
				GCC_PREFIX_HEADER = "Score/Score-Prefix.pch";
				INFOPLIST_FILE = "ScoreTests/ScoreTests-Info.plist";
				PRODUCT_NAME = "$(TARGET_NAME)";
				TEST_HOST = "$(BUNDLE_LOADER)";
				WRAPPER_EXTENSION = xctest;
			};
			name = Release;
		};
/* End XCBuildConfiguration section */

/* Begin XCConfigurationList section */
		2F20CE731A49369E0041012B /* Build configuration list for PBXProject "Score" */ = {
			isa = XCConfigurationList;
			buildConfigurations = (
				2F20CEA81A49369F0041012B /* Debug */,
				2F20CEA91A49369F0041012B /* Release */,
			);
			defaultConfigurationIsVisible = 0;
			defaultConfigurationName = Release;
		};
		2F20CEAA1A49369F0041012B /* Build configuration list for PBXNativeTarget "Score" */ = {
			isa = XCConfigurationList;
			buildConfigurations = (
				2F20CEAB1A49369F0041012B /* Debug */,
				2F20CEAC1A49369F0041012B /* Release */,
			);
			defaultConfigurationIsVisible = 0;
			defaultConfigurationName = Release;
		};
		2F20CEAD1A49369F0041012B /* Build configuration list for PBXNativeTarget "ScoreTests" */ = {
			isa = XCConfigurationList;
			buildConfigurations = (
				2F20CEAE1A49369F0041012B /* Debug */,
				2F20CEAF1A49369F0041012B /* Release */,
			);
			defaultConfigurationIsVisible = 0;
			defaultConfigurationName = Release;
		};
/* End XCConfigurationList section */
	};
	rootObject = 2F20CE701A49369E0041012B /* Project object */;
}
